// !$*UTF8*$!
{
	archiveVersion = 1;
	classes = {
	};
	objectVersion = 77;
	objects = {

/* Begin PBXBuildFile section */
		0B23ACBA556F234DE0144654 /* Models.swift in Sources */ = {isa = PBXBuildFile; fileRef = C50C3D9EBFC46A557B4E3556 /* Models.swift */; };
		46EA9522149F5F6E3F115CCB /* HomeView.swift in Sources */ = {isa = PBXBuildFile; fileRef = 0EDD99D84B9FDC7387B7EB80 /* HomeView.swift */; };
		7918A417D55792A2FEF02DA2 /* demo-catalog.json in Resources */ = {isa = PBXBuildFile; fileRef = D572A0A487D87B6E13722EBB /* demo-catalog.json */; };
		8FDFB5B3F32E1239CC65E045 /* Services.swift in Sources */ = {isa = PBXBuildFile; fileRef = D6DAE7A055551BEC23579F96 /* Services.swift */; };
		A3C16BF9E09A3C02DE8E17A4 /* StrengthMetrics.swift in Sources */ = {isa = PBXBuildFile; fileRef = 6F7587D144FA81489AC657AF /* StrengthMetrics.swift */; };
		AAE69B3A60EC25C845B53DCF /* MugeMugeApp.swift in Sources */ = {isa = PBXBuildFile; fileRef = 583DA68DA456AA82C0E33974 /* MugeMugeApp.swift */; };
/* End PBXBuildFile section */

/* Begin PBXFileReference section */
		0EDD99D84B9FDC7387B7EB80 /* HomeView.swift */ = {isa = PBXFileReference; lastKnownFileType = sourcecode.swift; path = HomeView.swift; sourceTree = "<group>"; };
		583DA68DA456AA82C0E33974 /* MugeMugeApp.swift */ = {isa = PBXFileReference; lastKnownFileType = sourcecode.swift; path = MugeMugeApp.swift; sourceTree = "<group>"; };
		6F7587D144FA81489AC657AF /* StrengthMetrics.swift */ = {isa = PBXFileReference; lastKnownFileType = sourcecode.swift; path = StrengthMetrics.swift; sourceTree = "<group>"; };
		C50C3D9EBFC46A557B4E3556 /* Models.swift */ = {isa = PBXFileReference; lastKnownFileType = sourcecode.swift; path = Models.swift; sourceTree = "<group>"; };
		D572A0A487D87B6E13722EBB /* demo-catalog.json */ = {isa = PBXFileReference; lastKnownFileType = text.json; path = "demo-catalog.json"; sourceTree = "<group>"; };
		D6DAE7A055551BEC23579F96 /* Services.swift */ = {isa = PBXFileReference; lastKnownFileType = sourcecode.swift; path = Services.swift; sourceTree = "<group>"; };
		E3A254024E9A0EDAC4CE8EDA /* MugeMuge.app */ = {isa = PBXFileReference; includeInIndex = 0; lastKnownFileType = wrapper.application; path = MugeMuge.app; sourceTree = BUILT_PRODUCTS_DIR; };
/* End PBXFileReference section */

/* Begin PBXGroup section */
		085076B71184001A4BF2EA09 /* Products */ = {
			isa = PBXGroup;
			children = (
				E3A254024E9A0EDAC4CE8EDA /* MugeMuge.app */,
			);
			name = Products;
			sourceTree = "<group>";
		};
		5A803A1E5CEDD180AC05237A /* Resources */ = {
			isa = PBXGroup;
			children = (
				D572A0A487D87B6E13722EBB /* demo-catalog.json */,
			);
			path = Resources;
			sourceTree = "<group>";
		};
		BE919EE16B9D1754E21D57AF /* MugeMuge */ = {
			isa = PBXGroup;
			children = (
				0EDD99D84B9FDC7387B7EB80 /* HomeView.swift */,
				C50C3D9EBFC46A557B4E3556 /* Models.swift */,
				583DA68DA456AA82C0E33974 /* MugeMugeApp.swift */,
				D6DAE7A055551BEC23579F96 /* Services.swift */,
				6F7587D144FA81489AC657AF /* StrengthMetrics.swift */,
				5A803A1E5CEDD180AC05237A /* Resources */,
			);
			path = MugeMuge;
			sourceTree = "<group>";
		};
		C310ABB3A1982E5E41D5141A = {
			isa = PBXGroup;
			children = (
				BE919EE16B9D1754E21D57AF /* MugeMuge */,
				085076B71184001A4BF2EA09 /* Products */,
			);
			sourceTree = "<group>";
		};
/* End PBXGroup section */

/* Begin PBXNativeTarget section */
		43C6BFD7658BF30830AC1D80 /* MugeMuge */ = {
			isa = PBXNativeTarget;
			buildConfigurationList = 7941CBF96ABC0AC4C2837EAE /* Build configuration list for PBXNativeTarget "MugeMuge" */;
			buildPhases = (
				FC6FF2C8C4E53769863DEA9F /* Sources */,
				10308AD200C60D48421C5A0F /* Resources */,
			);
			buildRules = (
			);
			dependencies = (
			);
			name = MugeMuge;
			packageProductDependencies = (
			);
			productName = MugeMuge;
			productReference = E3A254024E9A0EDAC4CE8EDA /* MugeMuge.app */;
			productType = "com.apple.product-type.application";
		};
/* End PBXNativeTarget section */

/* Begin PBXProject section */
		97A06FC9A14229CBE5D9A790 /* Project object */ = {
			isa = PBXProject;
			attributes = {
				BuildIndependentTargetsInParallel = YES;
				LastUpgradeCheck = 1430;
				TargetAttributes = {
				};
			};
			buildConfigurationList = 67AFAA1C86E889915E0CB363 /* Build configuration list for PBXProject "MugeMuge" */;
			developmentRegion = en;
			hasScannedForEncodings = 0;
			knownRegions = (
				Base,
				en,
			);
			mainGroup = C310ABB3A1982E5E41D5141A;
			minimizedProjectReferenceProxies = 1;
			preferredProjectObjectVersion = 77;
			productRefGroup = 085076B71184001A4BF2EA09 /* Products */;
			projectDirPath = "";
			projectRoot = "";
			targets = (
				43C6BFD7658BF30830AC1D80 /* MugeMuge */,
			);
		};
/* End PBXProject section */

/* Begin PBXResourcesBuildPhase section */
		10308AD200C60D48421C5A0F /* Resources */ = {
			isa = PBXResourcesBuildPhase;
			buildActionMask = 2147483647;
			files = (
				7918A417D55792A2FEF02DA2 /* demo-catalog.json in Resources */,
			);
			runOnlyForDeploymentPostprocessing = 0;
		};
/* End PBXResourcesBuildPhase section */

/* Begin PBXSourcesBuildPhase section */
		FC6FF2C8C4E53769863DEA9F /* Sources */ = {
			isa = PBXSourcesBuildPhase;
			buildActionMask = 2147483647;
			files = (
				46EA9522149F5F6E3F115CCB /* HomeView.swift in Sources */,
				0B23ACBA556F234DE0144654 /* Models.swift in Sources */,
				AAE69B3A60EC25C845B53DCF /* MugeMugeApp.swift in Sources */,
				8FDFB5B3F32E1239CC65E045 /* Services.swift in Sources */,
				A3C16BF9E09A3C02DE8E17A4 /* StrengthMetrics.swift in Sources */,
			);
			runOnlyForDeploymentPostprocessing = 0;
		};
/* End PBXSourcesBuildPhase section */

/* Begin XCBuildConfiguration section */
		2BE8A47EA28A0BA0043E93A9 /* Release */ = {
			isa = XCBuildConfiguration;
			buildSettings = {
				ASSETCATALOG_COMPILER_APPICON_NAME = AppIcon;
				CODE_SIGNING_ALLOWED = NO;
				CODE_SIGN_IDENTITY = "iPhone Developer";
				GENERATE_INFOPLIST_FILE = YES;
				INFOPLIST_KEY_UIApplicationSceneManifest_Generation = YES;
				INFOPLIST_KEY_UILaunchScreen_Generation = YES;
				LD_RUNPATH_SEARCH_PATHS = (
					"$(inherited)",
					"@executable_path/Frameworks",
				);
				PRODUCT_BUNDLE_IDENTIFIER = app.mugemuge.ios;
				SDKROOT = iphoneos;
				TARGETED_DEVICE_FAMILY = "1,2";
			};
			name = Release;
		};
		3B09F370D2A381B48A047E87 /* Debug */ = {
			isa = XCBuildConfiguration;
			buildSettings = {
				ALWAYS_SEARCH_USER_PATHS = NO;
				CLANG_ANALYZER_NONNULL = YES;
				CLANG_ANALYZER_NUMBER_OBJECT_CONVERSION = YES_AGGRESSIVE;
				CLANG_CXX_LANGUAGE_STANDARD = "gnu++14";
				CLANG_CXX_LIBRARY = "libc++";
				CLANG_ENABLE_MODULES = YES;
				CLANG_ENABLE_OBJC_ARC = YES;
				CLANG_ENABLE_OBJC_WEAK = YES;
				CLANG_WARN_BLOCK_CAPTURE_AUTORELEASING = YES;
				CLANG_WARN_BOOL_CONVERSION = YES;
				CLANG_WARN_COMMA = YES;
				CLANG_WARN_CONSTANT_CONVERSION = YES;
				CLANG_WARN_DEPRECATED_OBJC_IMPLEMENTATIONS = YES;
				CLANG_WARN_DIRECT_OBJC_ISA_USAGE = YES_ERROR;
				CLANG_WARN_DOCUMENTATION_COMMENTS = YES;
				CLANG_WARN_EMPTY_BODY = YES;
				CLANG_WARN_ENUM_CONVERSION = YES;
				CLANG_WARN_INFINITE_RECURSION = YES;
				CLANG_WARN_INT_CONVERSION = YES;
				CLANG_WARN_NON_LITERAL_NULL_CONVERSION = YES;
				CLANG_WARN_OBJC_IMPLICIT_RETAIN_SELF = YES;
				CLANG_WARN_OBJC_LITERAL_CONVERSION = YES;
				CLANG_WARN_OBJC_ROOT_CLASS = YES_ERROR;
				CLANG_WARN_QUOTED_INCLUDE_IN_FRAMEWORK_HEADER = YES;
				CLANG_WARN_RANGE_LOOP_ANALYSIS = YES;
				CLANG_WARN_STRICT_PROTOTYPES = YES;
				CLANG_WARN_SUSPICIOUS_MOVE = YES;
				CLANG_WARN_UNGUARDED_AVAILABILITY = YES_AGGRESSIVE;
				CLANG_WARN_UNREACHABLE_CODE = YES;
				CLANG_WARN__DUPLICATE_METHOD_MATCH = YES;
				COPY_PHASE_STRIP = NO;
				DEBUG_INFORMATION_FORMAT = dwarf;
				ENABLE_STRICT_OBJC_MSGSEND = YES;
				ENABLE_TESTABILITY = YES;
				GCC_C_LANGUAGE_STANDARD = gnu11;
				GCC_DYNAMIC_NO_PIC = NO;
				GCC_NO_COMMON_BLOCKS = YES;
				GCC_OPTIMIZATION_LEVEL = 0;
				GCC_PREPROCESSOR_DEFINITIONS = (
					"$(inherited)",
					"DEBUG=1",
				);
				GCC_WARN_64_TO_32_BIT_CONVERSION = YES;
				GCC_WARN_ABOUT_RETURN_TYPE = YES_ERROR;
				GCC_WARN_UNDECLARED_SELECTOR = YES;
				GCC_WARN_UNINITIALIZED_AUTOS = YES_AGGRESSIVE;
				GCC_WARN_UNUSED_FUNCTION = YES;
				GCC_WARN_UNUSED_VARIABLE = YES;
				IPHONEOS_DEPLOYMENT_TARGET = 17.0;
				MTL_ENABLE_DEBUG_INFO = INCLUDE_SOURCE;
				MTL_FAST_MATH = YES;
				ONLY_ACTIVE_ARCH = YES;
				PRODUCT_NAME = "$(TARGET_NAME)";
				SDKROOT = iphoneos;
				SWIFT_ACTIVE_COMPILATION_CONDITIONS = DEBUG;
				SWIFT_OPTIMIZATION_LEVEL = "-Onone";
				SWIFT_VERSION = 5.0;
				TARGETED_DEVICE_FAMILY = 1;
			};
			name = Debug;
		};
		7B80250A5EA479AB53C34AE0 /* Debug */ = {
			isa = XCBuildConfiguration;
			buildSettings = {
				ASSETCATALOG_COMPILER_APPICON_NAME = AppIcon;
				CODE_SIGNING_ALLOWED = NO;
				CODE_SIGN_IDENTITY = "iPhone Developer";
				GENERATE_INFOPLIST_FILE = YES;
				INFOPLIST_KEY_UIApplicationSceneManifest_Generation = YES;
				INFOPLIST_KEY_UILaunchScreen_Generation = YES;
				LD_RUNPATH_SEARCH_PATHS = (
					"$(inherited)",
					"@executable_path/Frameworks",
				);
				PRODUCT_BUNDLE_IDENTIFIER = app.mugemuge.ios;
				SDKROOT = iphoneos;
				TARGETED_DEVICE_FAMILY = "1,2";
			};
			name = Debug;
		};
		8EEB3C20BFCA2FB3FC277919 /* Release */ = {
			isa = XCBuildConfiguration;
			buildSettings = {
				ALWAYS_SEARCH_USER_PATHS = NO;
				CLANG_ANALYZER_NONNULL = YES;
				CLANG_ANALYZER_NUMBER_OBJECT_CONVERSION = YES_AGGRESSIVE;
				CLANG_CXX_LANGUAGE_STANDARD = "gnu++14";
				CLANG_CXX_LIBRARY = "libc++";
				CLANG_ENABLE_MODULES = YES;
				CLANG_ENABLE_OBJC_ARC = YES;
				CLANG_ENABLE_OBJC_WEAK = YES;
				CLANG_WARN_BLOCK_CAPTURE_AUTORELEASING = YES;
				CLANG_WARN_BOOL_CONVERSION = YES;
				CLANG_WARN_COMMA = YES;
				CLANG_WARN_CONSTANT_CONVERSION = YES;
				CLANG_WARN_DEPRECATED_OBJC_IMPLEMENTATIONS = YES;
				CLANG_WARN_DIRECT_OBJC_ISA_USAGE = YES_ERROR;
				CLANG_WARN_DOCUMENTATION_COMMENTS = YES;
				CLANG_WARN_EMPTY_BODY = YES;
				CLANG_WARN_ENUM_CONVERSION = YES;
				CLANG_WARN_INFINITE_RECURSION = YES;
				CLANG_WARN_INT_CONVERSION = YES;
				CLANG_WARN_NON_LITERAL_NULL_CONVERSION = YES;
				CLANG_WARN_OBJC_IMPLICIT_RETAIN_SELF = YES;
				CLANG_WARN_OBJC_LITERAL_CONVERSION = YES;
				CLANG_WARN_OBJC_ROOT_CLASS = YES_ERROR;
				CLANG_WARN_QUOTED_INCLUDE_IN_FRAMEWORK_HEADER = YES;
				CLANG_WARN_RANGE_LOOP_ANALYSIS = YES;
				CLANG_WARN_STRICT_PROTOTYPES = YES;
				CLANG_WARN_SUSPICIOUS_MOVE = YES;
				CLANG_WARN_UNGUARDED_AVAILABILITY = YES_AGGRESSIVE;
				CLANG_WARN_UNREACHABLE_CODE = YES;
				CLANG_WARN__DUPLICATE_METHOD_MATCH = YES;
				COPY_PHASE_STRIP = NO;
				DEBUG_INFORMATION_FORMAT = "dwarf-with-dsym";
				ENABLE_NS_ASSERTIONS = NO;
				ENABLE_STRICT_OBJC_MSGSEND = YES;
				GCC_C_LANGUAGE_STANDARD = gnu11;
				GCC_NO_COMMON_BLOCKS = YES;
				GCC_WARN_64_TO_32_BIT_CONVERSION = YES;
				GCC_WARN_ABOUT_RETURN_TYPE = YES_ERROR;
				GCC_WARN_UNDECLARED_SELECTOR = YES;
				GCC_WARN_UNINITIALIZED_AUTOS = YES_AGGRESSIVE;
				GCC_WARN_UNUSED_FUNCTION = YES;
				GCC_WARN_UNUSED_VARIABLE = YES;
				IPHONEOS_DEPLOYMENT_TARGET = 17.0;
				MTL_ENABLE_DEBUG_INFO = NO;
				MTL_FAST_MATH = YES;
				PRODUCT_NAME = "$(TARGET_NAME)";
				SDKROOT = iphoneos;
				SWIFT_COMPILATION_MODE = wholemodule;
				SWIFT_OPTIMIZATION_LEVEL = "-O";
				SWIFT_VERSION = 5.0;
				TARGETED_DEVICE_FAMILY = 1;
			};
			name = Release;
		};
/* End XCBuildConfiguration section */

/* Begin XCConfigurationList section */
		67AFAA1C86E889915E0CB363 /* Build configuration list for PBXProject "MugeMuge" */ = {
			isa = XCConfigurationList;
			buildConfigurations = (
				3B09F370D2A381B48A047E87 /* Debug */,
				8EEB3C20BFCA2FB3FC277919 /* Release */,
			);
			defaultConfigurationIsVisible = 0;
			defaultConfigurationName = Debug;
		};
		7941CBF96ABC0AC4C2837EAE /* Build configuration list for PBXNativeTarget "MugeMuge" */ = {
			isa = XCConfigurationList;
			buildConfigurations = (
				7B80250A5EA479AB53C34AE0 /* Debug */,
				2BE8A47EA28A0BA0043E93A9 /* Release */,
			);
			defaultConfigurationIsVisible = 0;
			defaultConfigurationName = Debug;
		};
/* End XCConfigurationList section */
	};
	rootObject = 97A06FC9A14229CBE5D9A790 /* Project object */;
}
